// !$*UTF8*$!
{
	archiveVersion = 1;
	classes = {
	};
	objectVersion = 46;
	objects = {

/* Begin PBXBuildFile section */
		F40573EF1DE0B0ED008D4A69 /* AppDelegate.swift in Sources */ = {isa = PBXBuildFile; fileRef = F40573EE1DE0B0ED008D4A69 /* AppDelegate.swift */; };
		F40573F11DE0B0ED008D4A69 /* GameViewController.swift in Sources */ = {isa = PBXBuildFile; fileRef = F40573F01DE0B0ED008D4A69 /* GameViewController.swift */; };
		F40573F41DE0B0ED008D4A69 /* Main.storyboard in Resources */ = {isa = PBXBuildFile; fileRef = F40573F21DE0B0ED008D4A69 /* Main.storyboard */; };
		F40573F61DE0B0ED008D4A69 /* Assets.xcassets in Resources */ = {isa = PBXBuildFile; fileRef = F40573F51DE0B0ED008D4A69 /* Assets.xcassets */; };
		F40573F91DE0B0ED008D4A69 /* LaunchScreen.storyboard in Resources */ = {isa = PBXBuildFile; fileRef = F40573F71DE0B0ED008D4A69 /* LaunchScreen.storyboard */; };
		F40574041DE0B0ED008D4A69 /* exampleTests.swift in Sources */ = {isa = PBXBuildFile; fileRef = F40574031DE0B0ED008D4A69 /* exampleTests.swift */; };
		F405740F1DE0B0ED008D4A69 /* exampleUITests.swift in Sources */ = {isa = PBXBuildFile; fileRef = F405740E1DE0B0ED008D4A69 /* exampleUITests.swift */; };
		F4BA36BD1DE497310039CAB4 /* GameScene.swift in Sources */ = {isa = PBXBuildFile; fileRef = F4BA36BC1DE497310039CAB4 /* GameScene.swift */; };
		F4D4860B1DE4908700C5F147 /* SpriteKit.framework in Frameworks */ = {isa = PBXBuildFile; fileRef = F4D4860A1DE4908700C5F147 /* SpriteKit.framework */; };
/* End PBXBuildFile section */

/* Begin PBXContainerItemProxy section */
		F40574001DE0B0ED008D4A69 /* PBXContainerItemProxy */ = {
			isa = PBXContainerItemProxy;
			containerPortal = F40573E31DE0B0ED008D4A69 /* Project object */;
			proxyType = 1;
			remoteGlobalIDString = F40573EA1DE0B0ED008D4A69;
			remoteInfo = example;
		};
		F405740B1DE0B0ED008D4A69 /* PBXContainerItemProxy */ = {
			isa = PBXContainerItemProxy;
			containerPortal = F40573E31DE0B0ED008D4A69 /* Project object */;
			proxyType = 1;
			remoteGlobalIDString = F40573EA1DE0B0ED008D4A69;
			remoteInfo = example;
		};
/* End PBXContainerItemProxy section */

/* Begin PBXFileReference section */
		F40573EB1DE0B0ED008D4A69 /* example.app */ = {isa = PBXFileReference; explicitFileType = wrapper.application; includeInIndex = 0; path = example.app; sourceTree = BUILT_PRODUCTS_DIR; };
		F40573EE1DE0B0ED008D4A69 /* AppDelegate.swift */ = {isa = PBXFileReference; lastKnownFileType = sourcecode.swift; path = AppDelegate.swift; sourceTree = "<group>"; };
		F40573F01DE0B0ED008D4A69 /* GameViewController.swift */ = {isa = PBXFileReference; lastKnownFileType = sourcecode.swift; path = GameViewController.swift; sourceTree = "<group>"; };
		F40573F31DE0B0ED008D4A69 /* Base */ = {isa = PBXFileReference; lastKnownFileType = file.storyboard; name = Base; path = Base.lproj/Main.storyboard; sourceTree = "<group>"; };
		F40573F51DE0B0ED008D4A69 /* Assets.xcassets */ = {isa = PBXFileReference; lastKnownFileType = folder.assetcatalog; path = Assets.xcassets; sourceTree = "<group>"; };
		F40573F81DE0B0ED008D4A69 /* Base */ = {isa = PBXFileReference; lastKnownFileType = file.storyboard; name = Base; path = Base.lproj/LaunchScreen.storyboard; sourceTree = "<group>"; };
		F40573FA1DE0B0ED008D4A69 /* Info.plist */ = {isa = PBXFileReference; lastKnownFileType = text.plist.xml; path = Info.plist; sourceTree = "<group>"; };
		F40573FF1DE0B0ED008D4A69 /* exampleTests.xctest */ = {isa = PBXFileReference; explicitFileType = wrapper.cfbundle; includeInIndex = 0; path = exampleTests.xctest; sourceTree = BUILT_PRODUCTS_DIR; };
		F40574031DE0B0ED008D4A69 /* exampleTests.swift */ = {isa = PBXFileReference; lastKnownFileType = sourcecode.swift; path = exampleTests.swift; sourceTree = "<group>"; };
		F40574051DE0B0ED008D4A69 /* Info.plist */ = {isa = PBXFileReference; lastKnownFileType = text.plist.xml; path = Info.plist; sourceTree = "<group>"; };
		F405740A1DE0B0ED008D4A69 /* exampleUITests.xctest */ = {isa = PBXFileReference; explicitFileType = wrapper.cfbundle; includeInIndex = 0; path = exampleUITests.xctest; sourceTree = BUILT_PRODUCTS_DIR; };
		F405740E1DE0B0ED008D4A69 /* exampleUITests.swift */ = {isa = PBXFileReference; lastKnownFileType = sourcecode.swift; path = exampleUITests.swift; sourceTree = "<group>"; };
		F40574101DE0B0ED008D4A69 /* Info.plist */ = {isa = PBXFileReference; lastKnownFileType = text.plist.xml; path = Info.plist; sourceTree = "<group>"; };
		F4BA36BC1DE497310039CAB4 /* GameScene.swift */ = {isa = PBXFileReference; fileEncoding = 4; lastKnownFileType = sourcecode.swift; path = GameScene.swift; sourceTree = "<group>"; };
		F4D4860A1DE4908700C5F147 /* SpriteKit.framework */ = {isa = PBXFileReference; lastKnownFileType = wrapper.framework; name = SpriteKit.framework; path = System/Library/Frameworks/SpriteKit.framework; sourceTree = SDKROOT; };
/* End PBXFileReference section */

/* Begin PBXFrameworksBuildPhase section */
		F40573E81DE0B0ED008D4A69 /* Frameworks */ = {
			isa = PBXFrameworksBuildPhase;
			buildActionMask = 2147483647;
			files = (
				F4D4860B1DE4908700C5F147 /* SpriteKit.framework in Frameworks */,
			);
			runOnlyForDeploymentPostprocessing = 0;
		};
		F40573FC1DE0B0ED008D4A69 /* Frameworks */ = {
			isa = PBXFrameworksBuildPhase;
			buildActionMask = 2147483647;
			files = (
			);
			runOnlyForDeploymentPostprocessing = 0;
		};
		F40574071DE0B0ED008D4A69 /* Frameworks */ = {
			isa = PBXFrameworksBuildPhase;
			buildActionMask = 2147483647;
			files = (
			);
			runOnlyForDeploymentPostprocessing = 0;
		};
/* End PBXFrameworksBuildPhase section */

/* Begin PBXGroup section */
		F40573E21DE0B0ED008D4A69 = {
			isa = PBXGroup;
			children = (
				F40573ED1DE0B0ED008D4A69 /* example */,
				F40574021DE0B0ED008D4A69 /* exampleTests */,
				F405740D1DE0B0ED008D4A69 /* exampleUITests */,
				F40573EC1DE0B0ED008D4A69 /* Products */,
				F4D486091DE4908700C5F147 /* Frameworks */,
			);
			sourceTree = "<group>";
		};
		F40573EC1DE0B0ED008D4A69 /* Products */ = {
			isa = PBXGroup;
			children = (
				F40573EB1DE0B0ED008D4A69 /* example.app */,
				F40573FF1DE0B0ED008D4A69 /* exampleTests.xctest */,
				F405740A1DE0B0ED008D4A69 /* exampleUITests.xctest */,
			);
			name = Products;
			sourceTree = "<group>";
		};
		F40573ED1DE0B0ED008D4A69 /* example */ = {
			isa = PBXGroup;
			children = (
				F40573EE1DE0B0ED008D4A69 /* AppDelegate.swift */,
				F40573F01DE0B0ED008D4A69 /* GameViewController.swift */,
				F4BA36BC1DE497310039CAB4 /* GameScene.swift */,
				F40573F21DE0B0ED008D4A69 /* Main.storyboard */,
				F40573F51DE0B0ED008D4A69 /* Assets.xcassets */,
				F40573F71DE0B0ED008D4A69 /* LaunchScreen.storyboard */,
				F40573FA1DE0B0ED008D4A69 /* Info.plist */,
			);
			path = example;
			sourceTree = "<group>";
		};
		F40574021DE0B0ED008D4A69 /* exampleTests */ = {
			isa = PBXGroup;
			children = (
				F40574031DE0B0ED008D4A69 /* exampleTests.swift */,
				F40574051DE0B0ED008D4A69 /* Info.plist */,
			);
			path = exampleTests;
			sourceTree = "<group>";
		};
		F405740D1DE0B0ED008D4A69 /* exampleUITests */ = {
			isa = PBXGroup;
			children = (
				F405740E1DE0B0ED008D4A69 /* exampleUITests.swift */,
				F40574101DE0B0ED008D4A69 /* Info.plist */,
			);
			path = exampleUITests;
			sourceTree = "<group>";
		};
		F4D486091DE4908700C5F147 /* Frameworks */ = {
			isa = PBXGroup;
			children = (
				F4D4860A1DE4908700C5F147 /* SpriteKit.framework */,
			);
			name = Frameworks;
			sourceTree = "<group>";
		};
/* End PBXGroup section */

/* Begin PBXNativeTarget section */
		F40573EA1DE0B0ED008D4A69 /* example */ = {
			isa = PBXNativeTarget;
			buildConfigurationList = F40574131DE0B0ED008D4A69 /* Build configuration list for PBXNativeTarget "example" */;
			buildPhases = (
				F40573E71DE0B0ED008D4A69 /* Sources */,
				F40573E81DE0B0ED008D4A69 /* Frameworks */,
				F40573E91DE0B0ED008D4A69 /* Resources */,
			);
			buildRules = (
			);
			dependencies = (
			);
			name = example;
			productName = example;
			productReference = F40573EB1DE0B0ED008D4A69 /* example.app */;
			productType = "com.apple.product-type.application";
		};
		F40573FE1DE0B0ED008D4A69 /* exampleTests */ = {
			isa = PBXNativeTarget;
			buildConfigurationList = F40574161DE0B0ED008D4A69 /* Build configuration list for PBXNativeTarget "exampleTests" */;
			buildPhases = (
				F40573FB1DE0B0ED008D4A69 /* Sources */,
				F40573FC1DE0B0ED008D4A69 /* Frameworks */,
				F40573FD1DE0B0ED008D4A69 /* Resources */,
			);
			buildRules = (
			);
			dependencies = (
				F40574011DE0B0ED008D4A69 /* PBXTargetDependency */,
			);
			name = exampleTests;
			productName = exampleTests;
			productReference = F40573FF1DE0B0ED008D4A69 /* exampleTests.xctest */;
			productType = "com.apple.product-type.bundle.unit-test";
		};
		F40574091DE0B0ED008D4A69 /* exampleUITests */ = {
			isa = PBXNativeTarget;
			buildConfigurationList = F40574191DE0B0ED008D4A69 /* Build configuration list for PBXNativeTarget "exampleUITests" */;
			buildPhases = (
				F40574061DE0B0ED008D4A69 /* Sources */,
				F40574071DE0B0ED008D4A69 /* Frameworks */,
				F40574081DE0B0ED008D4A69 /* Resources */,
			);
			buildRules = (
			);
			dependencies = (
				F405740C1DE0B0ED008D4A69 /* PBXTargetDependency */,
			);
			name = exampleUITests;
			productName = exampleUITests;
			productReference = F405740A1DE0B0ED008D4A69 /* exampleUITests.xctest */;
			productType = "com.apple.product-type.bundle.ui-testing";
		};
/* End PBXNativeTarget section */

/* Begin PBXProject section */
		F40573E31DE0B0ED008D4A69 /* Project object */ = {
			isa = PBXProject;
			attributes = {
				LastSwiftUpdateCheck = 0810;
				LastUpgradeCheck = 0810;
				ORGANIZATIONNAME = KuboKeisuke;
				TargetAttributes = {
					F40573EA1DE0B0ED008D4A69 = {
						CreatedOnToolsVersion = 8.1;
						ProvisioningStyle = Automatic;
					};
					F40573FE1DE0B0ED008D4A69 = {
						CreatedOnToolsVersion = 8.1;
						ProvisioningStyle = Automatic;
						TestTargetID = F40573EA1DE0B0ED008D4A69;
					};
					F40574091DE0B0ED008D4A69 = {
						CreatedOnToolsVersion = 8.1;
						ProvisioningStyle = Automatic;
						TestTargetID = F40573EA1DE0B0ED008D4A69;
					};
				};
			};
			buildConfigurationList = F40573E61DE0B0ED008D4A69 /* Build configuration list for PBXProject "example" */;
			compatibilityVersion = "Xcode 3.2";
			developmentRegion = English;
			hasScannedForEncodings = 0;
			knownRegions = (
				en,
				Base,
			);
			mainGroup = F40573E21DE0B0ED008D4A69;
			productRefGroup = F40573EC1DE0B0ED008D4A69 /* Products */;
			projectDirPath = "";
			projectRoot = "";
			targets = (
				F40573EA1DE0B0ED008D4A69 /* example */,
				F40573FE1DE0B0ED008D4A69 /* exampleTests */,
				F40574091DE0B0ED008D4A69 /* exampleUITests */,
			);
		};
/* End PBXProject section */

/* Begin PBXResourcesBuildPhase section */
		F40573E91DE0B0ED008D4A69 /* Resources */ = {
			isa = PBXResourcesBuildPhase;
			buildActionMask = 2147483647;
			files = (
				F40573F91DE0B0ED008D4A69 /* LaunchScreen.storyboard in Resources */,
				F40573F61DE0B0ED008D4A69 /* Assets.xcassets in Resources */,
				F40573F41DE0B0ED008D4A69 /* Main.storyboard in Resources */,
			);
			runOnlyForDeploymentPostprocessing = 0;
		};
		F40573FD1DE0B0ED008D4A69 /* Resources */ = {
			isa = PBXResourcesBuildPhase;
			buildActionMask = 2147483647;
			files = (
			);
			runOnlyForDeploymentPostprocessing = 0;
		};
		F40574081DE0B0ED008D4A69 /* Resources */ = {
			isa = PBXResourcesBuildPhase;
			buildActionMask = 2147483647;
			files = (
			);
			runOnlyForDeploymentPostprocessing = 0;
		};
/* End PBXResourcesBuildPhase section */

/* Begin PBXSourcesBuildPhase section */
		F40573E71DE0B0ED008D4A69 /* Sources */ = {
			isa = PBXSourcesBuildPhase;
			buildActionMask = 2147483647;
			files = (
				F4BA36BD1DE497310039CAB4 /* GameScene.swift in Sources */,
				F40573F11DE0B0ED008D4A69 /* GameViewController.swift in Sources */,
				F40573EF1DE0B0ED008D4A69 /* AppDelegate.swift in Sources */,
			);
			runOnlyForDeploymentPostprocessing = 0;
		};
		F40573FB1DE0B0ED008D4A69 /* Sources */ = {
			isa = PBXSourcesBuildPhase;
			buildActionMask = 2147483647;
			files = (
				F40574041DE0B0ED008D4A69 /* exampleTests.swift in Sources */,
			);
			runOnlyForDeploymentPostprocessing = 0;
		};
		F40574061DE0B0ED008D4A69 /* Sources */ = {
			isa = PBXSourcesBuildPhase;
			buildActionMask = 2147483647;
			files = (
				F405740F1DE0B0ED008D4A69 /* exampleUITests.swift in Sources */,
			);
			runOnlyForDeploymentPostprocessing = 0;
		};
/* End PBXSourcesBuildPhase section */

/* Begin PBXTargetDependency section */
		F40574011DE0B0ED008D4A69 /* PBXTargetDependency */ = {
			isa = PBXTargetDependency;
			target = F40573EA1DE0B0ED008D4A69 /* example */;
			targetProxy = F40574001DE0B0ED008D4A69 /* PBXContainerItemProxy */;
		};
		F405740C1DE0B0ED008D4A69 /* PBXTargetDependency */ = {
			isa = PBXTargetDependency;
			target = F40573EA1DE0B0ED008D4A69 /* example */;
			targetProxy = F405740B1DE0B0ED008D4A69 /* PBXContainerItemProxy */;
		};
/* End PBXTargetDependency section */

/* Begin PBXVariantGroup section */
		F40573F21DE0B0ED008D4A69 /* Main.storyboard */ = {
			isa = PBXVariantGroup;
			children = (
				F40573F31DE0B0ED008D4A69 /* Base */,
			);
			name = Main.storyboard;
			sourceTree = "<group>";
		};
		F40573F71DE0B0ED008D4A69 /* LaunchScreen.storyboard */ = {
			isa = PBXVariantGroup;
			children = (
				F40573F81DE0B0ED008D4A69 /* Base */,
			);
			name = LaunchScreen.storyboard;
			sourceTree = "<group>";
		};
/* End PBXVariantGroup section */

/* Begin XCBuildConfiguration section */
		F40574111DE0B0ED008D4A69 /* Debug */ = {
			isa = XCBuildConfiguration;
			buildSettings = {
				ALWAYS_SEARCH_USER_PATHS = NO;
				CLANG_ANALYZER_NONNULL = YES;
				CLANG_CXX_LANGUAGE_STANDARD = "gnu++0x";
				CLANG_CXX_LIBRARY = "libc++";
				CLANG_ENABLE_MODULES = YES;
				CLANG_ENABLE_OBJC_ARC = YES;
				CLANG_WARN_BOOL_CONVERSION = YES;
				CLANG_WARN_CONSTANT_CONVERSION = YES;
				CLANG_WARN_DIRECT_OBJC_ISA_USAGE = YES_ERROR;
				CLANG_WARN_DOCUMENTATION_COMMENTS = YES;
				CLANG_WARN_EMPTY_BODY = YES;
				CLANG_WARN_ENUM_CONVERSION = YES;
				CLANG_WARN_INFINITE_RECURSION = YES;
				CLANG_WARN_INT_CONVERSION = YES;
				CLANG_WARN_OBJC_ROOT_CLASS = YES_ERROR;
				CLANG_WARN_SUSPICIOUS_MOVES = YES;
				CLANG_WARN_UNREACHABLE_CODE = YES;
				CLANG_WARN__DUPLICATE_METHOD_MATCH = YES;
				"CODE_SIGN_IDENTITY[sdk=iphoneos*]" = "iPhone Developer";
				COPY_PHASE_STRIP = NO;
				DEBUG_INFORMATION_FORMAT = dwarf;
				ENABLE_STRICT_OBJC_MSGSEND = YES;
				ENABLE_TESTABILITY = YES;
				GCC_C_LANGUAGE_STANDARD = gnu99;
				GCC_DYNAMIC_NO_PIC = NO;
				GCC_NO_COMMON_BLOCKS = YES;
				GCC_OPTIMIZATION_LEVEL = 0;
				GCC_PREPROCESSOR_DEFINITIONS = (
					"DEBUG=1",
					"$(inherited)",
				);
				GCC_WARN_64_TO_32_BIT_CONVERSION = YES;
				GCC_WARN_ABOUT_RETURN_TYPE = YES_ERROR;
				GCC_WARN_UNDECLARED_SELECTOR = YES;
				GCC_WARN_UNINITIALIZED_AUTOS = YES_AGGRESSIVE;
				GCC_WARN_UNUSED_FUNCTION = YES;
				GCC_WARN_UNUSED_VARIABLE = YES;
				IPHONEOS_DEPLOYMENT_TARGET = 10.1;
				MTL_ENABLE_DEBUG_INFO = YES;
				ONLY_ACTIVE_ARCH = YES;
				SDKROOT = iphoneos;
				SWIFT_ACTIVE_COMPILATION_CONDITIONS = DEBUG;
				SWIFT_OPTIMIZATION_LEVEL = "-Onone";
			};
			name = Debug;
		};
		F40574121DE0B0ED008D4A69 /* Release */ = {
			isa = XCBuildConfiguration;
			buildSettings = {
				ALWAYS_SEARCH_USER_PATHS = NO;
				CLANG_ANALYZER_NONNULL = YES;
				CLANG_CXX_LANGUAGE_STANDARD = "gnu++0x";
				CLANG_CXX_LIBRARY = "libc++";
				CLANG_ENABLE_MODULES = YES;
				CLANG_ENABLE_OBJC_ARC = YES;
				CLANG_WARN_BOOL_CONVERSION = YES;
				CLANG_WARN_CONSTANT_CONVERSION = YES;
				CLANG_WARN_DIRECT_OBJC_ISA_USAGE = YES_ERROR;
				CLANG_WARN_DOCUMENTATION_COMMENTS = YES;
				CLANG_WARN_EMPTY_BODY = YES;
				CLANG_WARN_ENUM_CONVERSION = YES;
				CLANG_WARN_INFINITE_RECURSION = YES;
				CLANG_WARN_INT_CONVERSION = YES;
				CLANG_WARN_OBJC_ROOT_CLASS = YES_ERROR;
				CLANG_WARN_SUSPICIOUS_MOVES = YES;
				CLANG_WARN_UNREACHABLE_CODE = YES;
				CLANG_WARN__DUPLICATE_METHOD_MATCH = YES;
				"CODE_SIGN_IDENTITY[sdk=iphoneos*]" = "iPhone Developer";
				COPY_PHASE_STRIP = NO;
				DEBUG_INFORMATION_FORMAT = "dwarf-with-dsym";
				ENABLE_NS_ASSERTIONS = NO;
				ENABLE_STRICT_OBJC_MSGSEND = YES;
				GCC_C_LANGUAGE_STANDARD = gnu99;
				GCC_NO_COMMON_BLOCKS = YES;
				GCC_WARN_64_TO_32_BIT_CONVERSION = YES;
				GCC_WARN_ABOUT_RETURN_TYPE = YES_ERROR;
				GCC_WARN_UNDECLARED_SELECTOR = YES;
				GCC_WARN_UNINITIALIZED_AUTOS = YES_AGGRESSIVE;
				GCC_WARN_UNUSED_FUNCTION = YES;
				GCC_WARN_UNUSED_VARIABLE = YES;
				IPHONEOS_DEPLOYMENT_TARGET = 10.1;
				MTL_ENABLE_DEBUG_INFO = NO;
				SDKROOT = iphoneos;
				SWIFT_OPTIMIZATION_LEVEL = "-Owholemodule";
				VALIDATE_PRODUCT = YES;
			};
			name = Release;
		};
		F40574141DE0B0ED008D4A69 /* Debug */ = {
			isa = XCBuildConfiguration;
			buildSettings = {
				ASSETCATALOG_COMPILER_APPICON_NAME = AppIcon;
				INFOPLIST_FILE = example/Info.plist;
				LD_RUNPATH_SEARCH_PATHS = "$(inherited) @executable_path/Frameworks";
				PRODUCT_BUNDLE_IDENTIFIER = cmknet.kubo.example;
				PRODUCT_NAME = "$(TARGET_NAME)";
				SWIFT_VERSION = 3.0;
			};
			name = Debug;
		};
		F40574151DE0B0ED008D4A69 /* Release */ = {
			isa = XCBuildConfiguration;
			buildSettings = {
				ASSETCATALOG_COMPILER_APPICON_NAME = AppIcon;
				INFOPLIST_FILE = example/Info.plist;
				LD_RUNPATH_SEARCH_PATHS = "$(inherited) @executable_path/Frameworks";
				PRODUCT_BUNDLE_IDENTIFIER = cmknet.kubo.example;
				PRODUCT_NAME = "$(TARGET_NAME)";
				SWIFT_VERSION = 3.0;
			};
			name = Release;
		};
		F40574171DE0B0ED008D4A69 /* Debug */ = {
			isa = XCBuildConfiguration;
			buildSettings = {
				ALWAYS_EMBED_SWIFT_STANDARD_LIBRARIES = YES;
				BUNDLE_LOADER = "$(TEST_HOST)";
				INFOPLIST_FILE = exampleTests/Info.plist;
				LD_RUNPATH_SEARCH_PATHS = "$(inherited) @executable_path/Frameworks @loader_path/Frameworks";
				PRODUCT_BUNDLE_IDENTIFIER = cmknet.kubo.exampleTests;
				PRODUCT_NAME = "$(TARGET_NAME)";
				SWIFT_VERSION = 3.0;
				TEST_HOST = "$(BUILT_PRODUCTS_DIR)/example.app/example";
			};
			name = Debug;
		};
		F40574181DE0B0ED008D4A69 /* Release */ = {
			isa = XCBuildConfiguration;
			buildSettings = {
				ALWAYS_EMBED_SWIFT_STANDARD_LIBRARIES = YES;
				BUNDLE_LOADER = "$(TEST_HOST)";
				INFOPLIST_FILE = exampleTests/Info.plist;
				LD_RUNPATH_SEARCH_PATHS = "$(inherited) @executable_path/Frameworks @loader_path/Frameworks";
				PRODUCT_BUNDLE_IDENTIFIER = cmknet.kubo.exampleTests;
				PRODUCT_NAME = "$(TARGET_NAME)";
				SWIFT_VERSION = 3.0;
				TEST_HOST = "$(BUILT_PRODUCTS_DIR)/example.app/example";
			};
			name = Release;
		};
		F405741A1DE0B0ED008D4A69 /* Debug */ = {
			isa = XCBuildConfiguration;
			buildSettings = {
				ALWAYS_EMBED_SWIFT_STANDARD_LIBRARIES = YES;
				INFOPLIST_FILE = exampleUITests/Info.plist;
				LD_RUNPATH_SEARCH_PATHS = "$(inherited) @executable_path/Frameworks @loader_path/Frameworks";
				PRODUCT_BUNDLE_IDENTIFIER = cmknet.kubo.exampleUITests;
				PRODUCT_NAME = "$(TARGET_NAME)";
				SWIFT_VERSION = 3.0;
				TEST_TARGET_NAME = example;
			};
			name = Debug;
		};
		F405741B1DE0B0ED008D4A69 /* Release */ = {
			isa = XCBuildConfiguration;
			buildSettings = {
				ALWAYS_EMBED_SWIFT_STANDARD_LIBRARIES = YES;
				INFOPLIST_FILE = exampleUITests/Info.plist;
				LD_RUNPATH_SEARCH_PATHS = "$(inherited) @executable_path/Frameworks @loader_path/Frameworks";
				PRODUCT_BUNDLE_IDENTIFIER = cmknet.kubo.exampleUITests;
				PRODUCT_NAME = "$(TARGET_NAME)";
				SWIFT_VERSION = 3.0;
				TEST_TARGET_NAME = example;
			};
			name = Release;
		};
/* End XCBuildConfiguration section */

/* Begin XCConfigurationList section */
		F40573E61DE0B0ED008D4A69 /* Build configuration list for PBXProject "example" */ = {
			isa = XCConfigurationList;
			buildConfigurations = (
				F40574111DE0B0ED008D4A69 /* Debug */,
				F40574121DE0B0ED008D4A69 /* Release */,
			);
			defaultConfigurationIsVisible = 0;
			defaultConfigurationName = Release;
		};
		F40574131DE0B0ED008D4A69 /* Build configuration list for PBXNativeTarget "example" */ = {
			isa = XCConfigurationList;
			buildConfigurations = (
				F40574141DE0B0ED008D4A69 /* Debug */,
				F40574151DE0B0ED008D4A69 /* Release */,
			);
			defaultConfigurationIsVisible = 0;
			defaultConfigurationName = Release;
		};
		F40574161DE0B0ED008D4A69 /* Build configuration list for PBXNativeTarget "exampleTests" */ = {
			isa = XCConfigurationList;
			buildConfigurations = (
				F40574171DE0B0ED008D4A69 /* Debug */,
				F40574181DE0B0ED008D4A69 /* Release */,
			);
			defaultConfigurationIsVisible = 0;
			defaultConfigurationName = Release;
		};
		F40574191DE0B0ED008D4A69 /* Build configuration list for PBXNativeTarget "exampleUITests" */ = {
			isa = XCConfigurationList;
			buildConfigurations = (
				F405741A1DE0B0ED008D4A69 /* Debug */,
				F405741B1DE0B0ED008D4A69 /* Release */,
			);
			defaultConfigurationIsVisible = 0;
			defaultConfigurationName = Release;
		};
/* End XCConfigurationList section */
	};
	rootObject = F40573E31DE0B0ED008D4A69 /* Project object */;
}
